{
  "name": "website",
  "version": "1.0.0",
  "lockfileVersion": 3,
  "requires": true,
  "packages": {
    "": {
      "name": "website",
      "version": "1.0.0",
      "license": "ISC",
      "dependencies": {
        "popper.js": "^1.16.1",
        "scoutstrap": "^0.1.1",
        "tailwindcss": "^4.1.1"
      }
    },
    "node_modules/popper.js": {
      "version": "1.16.1",
      "resolved": "https://registry.npmjs.org/popper.js/-/popper.js-1.16.1.tgz",
      "integrity": "sha512-Wb4p1J4zyFTbM+u6WuO4XstYx4Ky9Cewe4DWrel7B0w6VVICvPwdOpotjzcf6eD8TsckVnIMNONQyPIUFOUbCQ==",
      "deprecated": "You can find the new Popper v2 at @popperjs/core, this package is dedicated to the legacy v1",
      "license": "MIT",
      "funding": {
        "type": "opencollective",
        "url": "https://opencollective.com/popperjs"
      }
    },
    "node_modules/scoutstrap": {
      "version": "0.1.1",
      "resolved": "https://registry.npmjs.org/scoutstrap/-/scoutstrap-0.1.1.tgz",
      "integrity": "sha512-FC9luclkJlkH+fumIPgjBgbrSuEtiDUAzz79Dctd5cY9Dt6OnMOXU3LepfNrXIFkWgs5GczBPtPOctiCQwJ1Pw==",
      "license": "MIT",
      "peerDependencies": {
        "popper.js": "^1.16.0"
      }
    },
    "node_modules/tailwindcss": {
      "version": "4.1.1",
      "resolved": "https://registry.npmjs.org/tailwindcss/-/tailwindcss-4.1.1.tgz",
      "integrity": "sha512-QNbdmeS979Efzim2g/bEvfuh+fTcIdp1y7gA+sb6OYSW74rt7Cr7M78AKdf6HqWT3d5AiTb7SwTT3sLQxr4/qw==",
      "license": "MIT"
    }
  }
}
